
Microsoft Visual Studio Solution File, Format Version 12.00
Project("{FAE04EC0-301F-11D3-BF4B-00C04F79EFBC}") = "Cafe.POS", "Cafe.POS\Cafe.POS.csproj", "{4491F116-E1B7-4705-95AB-ED1EB8C6C4BB}"
EndProject
Global
	GlobalSection(SolutionConfigurationPlatforms) = preSolution
		Debug|Any CPU = Debug|Any CPU
		Release|Any CPU = Release|Any CPU
	EndGlobalSection
	GlobalSection(ProjectConfigurationPlatforms) = postSolution
		{4491F116-E1B7-4705-95AB-ED1EB8C6C4BB}.Debug|Any CPU.ActiveCfg = Debug|Any CPU
		{4491F116-E1B7-4705-95AB-ED1EB8C6C4BB}.Debug|Any CPU.Build.0 = Debug|Any CPU
		{4491F116-E1B7-4705-95AB-ED1EB8C6C4BB}.Release|Any CPU.ActiveCfg = Release|Any CPU
		{4491F116-E1B7-4705-95AB-ED1EB8C6C4BB}.Release|Any CPU.Build.0 = Release|Any CPU
	EndGlobalSection
EndGlobal
